// !$*UTF8*$!
{
	archiveVersion = 1;
	classes = {
	};
	objectVersion = 50;
	objects = {

/* Begin PBXBuildFile section */
		6353490A257F221B00032150 /* AppDelegate.swift in Sources */ = {isa = PBXBuildFile; fileRef = 63534909257F221B00032150 /* AppDelegate.swift */; };
		6353490C257F221B00032150 /* SceneDelegate.swift in Sources */ = {isa = PBXBuildFile; fileRef = 6353490B257F221B00032150 /* SceneDelegate.swift */; };
		6353490E257F221B00032150 /* ContentView.swift in Sources */ = {isa = PBXBuildFile; fileRef = 6353490D257F221B00032150 /* ContentView.swift */; };
		63534910257F222100032150 /* Assets.xcassets in Resources */ = {isa = PBXBuildFile; fileRef = 6353490F257F222100032150 /* Assets.xcassets */; };
		63534913257F222100032150 /* Preview Assets.xcassets in Resources */ = {isa = PBXBuildFile; fileRef = 63534912257F222100032150 /* Preview Assets.xcassets */; };
		63534916257F222100032150 /* LaunchScreen.storyboard in Resources */ = {isa = PBXBuildFile; fileRef = 63534914257F222100032150 /* LaunchScreen.storyboard */; };
		63534921257F222100032150 /* WordScramvleTests.swift in Sources */ = {isa = PBXBuildFile; fileRef = 63534920257F222100032150 /* WordScramvleTests.swift */; };
		6353492C257F222100032150 /* WordScramvleUITests.swift in Sources */ = {isa = PBXBuildFile; fileRef = 6353492B257F222100032150 /* WordScramvleUITests.swift */; };
/* End PBXBuildFile section */

/* Begin PBXContainerItemProxy section */
		6353491D257F222100032150 /* PBXContainerItemProxy */ = {
			isa = PBXContainerItemProxy;
			containerPortal = 635348FE257F221B00032150 /* Project object */;
			proxyType = 1;
			remoteGlobalIDString = 63534905257F221B00032150;
			remoteInfo = WordScramvle;
		};
		63534928257F222100032150 /* PBXContainerItemProxy */ = {
			isa = PBXContainerItemProxy;
			containerPortal = 635348FE257F221B00032150 /* Project object */;
			proxyType = 1;
			remoteGlobalIDString = 63534905257F221B00032150;
			remoteInfo = WordScramvle;
		};
/* End PBXContainerItemProxy section */

/* Begin PBXFileReference section */
		63534906257F221B00032150 /* WordScramvle.app */ = {isa = PBXFileReference; explicitFileType = wrapper.application; includeInIndex = 0; path = WordScramvle.app; sourceTree = BUILT_PRODUCTS_DIR; };
		63534909257F221B00032150 /* AppDelegate.swift */ = {isa = PBXFileReference; lastKnownFileType = sourcecode.swift; path = AppDelegate.swift; sourceTree = "<group>"; };
		6353490B257F221B00032150 /* SceneDelegate.swift */ = {isa = PBXFileReference; lastKnownFileType = sourcecode.swift; path = SceneDelegate.swift; sourceTree = "<group>"; };
		6353490D257F221B00032150 /* ContentView.swift */ = {isa = PBXFileReference; lastKnownFileType = sourcecode.swift; path = ContentView.swift; sourceTree = "<group>"; };
		6353490F257F222100032150 /* Assets.xcassets */ = {isa = PBXFileReference; lastKnownFileType = folder.assetcatalog; path = Assets.xcassets; sourceTree = "<group>"; };
		63534912257F222100032150 /* Preview Assets.xcassets */ = {isa = PBXFileReference; lastKnownFileType = folder.assetcatalog; path = "Preview Assets.xcassets"; sourceTree = "<group>"; };
		63534915257F222100032150 /* Base */ = {isa = PBXFileReference; lastKnownFileType = file.storyboard; name = Base; path = Base.lproj/LaunchScreen.storyboard; sourceTree = "<group>"; };
		63534917257F222100032150 /* Info.plist */ = {isa = PBXFileReference; lastKnownFileType = text.plist.xml; path = Info.plist; sourceTree = "<group>"; };
		6353491C257F222100032150 /* WordScramvleTests.xctest */ = {isa = PBXFileReference; explicitFileType = wrapper.cfbundle; includeInIndex = 0; path = WordScramvleTests.xctest; sourceTree = BUILT_PRODUCTS_DIR; };
		63534920257F222100032150 /* WordScramvleTests.swift */ = {isa = PBXFileReference; lastKnownFileType = sourcecode.swift; path = WordScramvleTests.swift; sourceTree = "<group>"; };
		63534922257F222100032150 /* Info.plist */ = {isa = PBXFileReference; lastKnownFileType = text.plist.xml; path = Info.plist; sourceTree = "<group>"; };
		63534927257F222100032150 /* WordScramvleUITests.xctest */ = {isa = PBXFileReference; explicitFileType = wrapper.cfbundle; includeInIndex = 0; path = WordScramvleUITests.xctest; sourceTree = BUILT_PRODUCTS_DIR; };
		6353492B257F222100032150 /* WordScramvleUITests.swift */ = {isa = PBXFileReference; lastKnownFileType = sourcecode.swift; path = WordScramvleUITests.swift; sourceTree = "<group>"; };
		6353492D257F222100032150 /* Info.plist */ = {isa = PBXFileReference; lastKnownFileType = text.plist.xml; path = Info.plist; sourceTree = "<group>"; };
/* End PBXFileReference section */

/* Begin PBXFrameworksBuildPhase section */
		63534903257F221B00032150 /* Frameworks */ = {
			isa = PBXFrameworksBuildPhase;
			buildActionMask = 2147483647;
			files = (
			);
			runOnlyForDeploymentPostprocessing = 0;
		};
		63534919257F222100032150 /* Frameworks */ = {
			isa = PBXFrameworksBuildPhase;
			buildActionMask = 2147483647;
			files = (
			);
			runOnlyForDeploymentPostprocessing = 0;
		};
		63534924257F222100032150 /* Frameworks */ = {
			isa = PBXFrameworksBuildPhase;
			buildActionMask = 2147483647;
			files = (
			);
			runOnlyForDeploymentPostprocessing = 0;
		};
/* End PBXFrameworksBuildPhase section */

/* Begin PBXGroup section */
		635348FD257F221B00032150 = {
			isa = PBXGroup;
			children = (
				63534908257F221B00032150 /* WordScramvle */,
				6353491F257F222100032150 /* WordScramvleTests */,
				6353492A257F222100032150 /* WordScramvleUITests */,
				63534907257F221B00032150 /* Products */,
			);
			sourceTree = "<group>";
		};
		63534907257F221B00032150 /* Products */ = {
			isa = PBXGroup;
			children = (
				63534906257F221B00032150 /* WordScramvle.app */,
				6353491C257F222100032150 /* WordScramvleTests.xctest */,
				63534927257F222100032150 /* WordScramvleUITests.xctest */,
			);
			name = Products;
			sourceTree = "<group>";
		};
		63534908257F221B00032150 /* WordScramvle */ = {
			isa = PBXGroup;
			children = (
				63534909257F221B00032150 /* AppDelegate.swift */,
				6353490B257F221B00032150 /* SceneDelegate.swift */,
				6353490D257F221B00032150 /* ContentView.swift */,
				6353490F257F222100032150 /* Assets.xcassets */,
				63534914257F222100032150 /* LaunchScreen.storyboard */,
				63534917257F222100032150 /* Info.plist */,
				63534911257F222100032150 /* Preview Content */,
			);
			path = WordScramvle;
			sourceTree = "<group>";
		};
		63534911257F222100032150 /* Preview Content */ = {
			isa = PBXGroup;
			children = (
				63534912257F222100032150 /* Preview Assets.xcassets */,
			);
			path = "Preview Content";
			sourceTree = "<group>";
		};
		6353491F257F222100032150 /* WordScramvleTests */ = {
			isa = PBXGroup;
			children = (
				63534920257F222100032150 /* WordScramvleTests.swift */,
				63534922257F222100032150 /* Info.plist */,
			);
			path = WordScramvleTests;
			sourceTree = "<group>";
		};
		6353492A257F222100032150 /* WordScramvleUITests */ = {
			isa = PBXGroup;
			children = (
				6353492B257F222100032150 /* WordScramvleUITests.swift */,
				6353492D257F222100032150 /* Info.plist */,
			);
			path = WordScramvleUITests;
			sourceTree = "<group>";
		};
/* End PBXGroup section */

/* Begin PBXNativeTarget section */
		63534905257F221B00032150 /* WordScramvle */ = {
			isa = PBXNativeTarget;
			buildConfigurationList = 63534930257F222100032150 /* Build configuration list for PBXNativeTarget "WordScramvle" */;
			buildPhases = (
				63534902257F221B00032150 /* Sources */,
				63534903257F221B00032150 /* Frameworks */,
				63534904257F221B00032150 /* Resources */,
			);
			buildRules = (
			);
			dependencies = (
			);
			name = WordScramvle;
			productName = WordScramvle;
			productReference = 63534906257F221B00032150 /* WordScramvle.app */;
			productType = "com.apple.product-type.application";
		};
		6353491B257F222100032150 /* WordScramvleTests */ = {
			isa = PBXNativeTarget;
			buildConfigurationList = 63534933257F222100032150 /* Build configuration list for PBXNativeTarget "WordScramvleTests" */;
			buildPhases = (
				63534918257F222100032150 /* Sources */,
				63534919257F222100032150 /* Frameworks */,
				6353491A257F222100032150 /* Resources */,
			);
			buildRules = (
			);
			dependencies = (
				6353491E257F222100032150 /* PBXTargetDependency */,
			);
			name = WordScramvleTests;
			productName = WordScramvleTests;
			productReference = 6353491C257F222100032150 /* WordScramvleTests.xctest */;
			productType = "com.apple.product-type.bundle.unit-test";
		};
		63534926257F222100032150 /* WordScramvleUITests */ = {
			isa = PBXNativeTarget;
			buildConfigurationList = 63534936257F222100032150 /* Build configuration list for PBXNativeTarget "WordScramvleUITests" */;
			buildPhases = (
				63534923257F222100032150 /* Sources */,
				63534924257F222100032150 /* Frameworks */,
				63534925257F222100032150 /* Resources */,
			);
			buildRules = (
			);
			dependencies = (
				63534929257F222100032150 /* PBXTargetDependency */,
			);
			name = WordScramvleUITests;
			productName = WordScramvleUITests;
			productReference = 63534927257F222100032150 /* WordScramvleUITests.xctest */;
			productType = "com.apple.product-type.bundle.ui-testing";
		};
/* End PBXNativeTarget section */

/* Begin PBXProject section */
		635348FE257F221B00032150 /* Project object */ = {
			isa = PBXProject;
			attributes = {
				LastSwiftUpdateCheck = 1110;
				LastUpgradeCheck = 1110;
				ORGANIZATIONNAME = NguyenCaoThiem;
				TargetAttributes = {
					63534905257F221B00032150 = {
						CreatedOnToolsVersion = 11.1;
					};
					6353491B257F222100032150 = {
						CreatedOnToolsVersion = 11.1;
						TestTargetID = 63534905257F221B00032150;
					};
					63534926257F222100032150 = {
						CreatedOnToolsVersion = 11.1;
						TestTargetID = 63534905257F221B00032150;
					};
				};
			};
			buildConfigurationList = 63534901257F221B00032150 /* Build configuration list for PBXProject "WordScramvle" */;
			compatibilityVersion = "Xcode 9.3";
			developmentRegion = en;
			hasScannedForEncodings = 0;
			knownRegions = (
				en,
				Base,
			);
			mainGroup = 635348FD257F221B00032150;
			productRefGroup = 63534907257F221B00032150 /* Products */;
			projectDirPath = "";
			projectRoot = "";
			targets = (
				63534905257F221B00032150 /* WordScramvle */,
				6353491B257F222100032150 /* WordScramvleTests */,
				63534926257F222100032150 /* WordScramvleUITests */,
			);
		};
/* End PBXProject section */

/* Begin PBXResourcesBuildPhase section */
		63534904257F221B00032150 /* Resources */ = {
			isa = PBXResourcesBuildPhase;
			buildActionMask = 2147483647;
			files = (
				63534916257F222100032150 /* LaunchScreen.storyboard in Resources */,
				63534913257F222100032150 /* Preview Assets.xcassets in Resources */,
				63534910257F222100032150 /* Assets.xcassets in Resources */,
			);
			runOnlyForDeploymentPostprocessing = 0;
		};
		6353491A257F222100032150 /* Resources */ = {
			isa = PBXResourcesBuildPhase;
			buildActionMask = 2147483647;
			files = (
			);
			runOnlyForDeploymentPostprocessing = 0;
		};
		63534925257F222100032150 /* Resources */ = {
			isa = PBXResourcesBuildPhase;
			buildActionMask = 2147483647;
			files = (
			);
			runOnlyForDeploymentPostprocessing = 0;
		};
/* End PBXResourcesBuildPhase section */

/* Begin PBXSourcesBuildPhase section */
		63534902257F221B00032150 /* Sources */ = {
			isa = PBXSourcesBuildPhase;
			buildActionMask = 2147483647;
			files = (
				6353490A257F221B00032150 /* AppDelegate.swift in Sources */,
				6353490C257F221B00032150 /* SceneDelegate.swift in Sources */,
				6353490E257F221B00032150 /* ContentView.swift in Sources */,
			);
			runOnlyForDeploymentPostprocessing = 0;
		};
		63534918257F222100032150 /* Sources */ = {
			isa = PBXSourcesBuildPhase;
			buildActionMask = 2147483647;
			files = (
				63534921257F222100032150 /* WordScramvleTests.swift in Sources */,
			);
			runOnlyForDeploymentPostprocessing = 0;
		};
		63534923257F222100032150 /* Sources */ = {
			isa = PBXSourcesBuildPhase;
			buildActionMask = 2147483647;
			files = (
				6353492C257F222100032150 /* WordScramvleUITests.swift in Sources */,
			);
			runOnlyForDeploymentPostprocessing = 0;
		};
/* End PBXSourcesBuildPhase section */

/* Begin PBXTargetDependency section */
		6353491E257F222100032150 /* PBXTargetDependency */ = {
			isa = PBXTargetDependency;
			target = 63534905257F221B00032150 /* WordScramvle */;
			targetProxy = 6353491D257F222100032150 /* PBXContainerItemProxy */;
		};
		63534929257F222100032150 /* PBXTargetDependency */ = {
			isa = PBXTargetDependency;
			target = 63534905257F221B00032150 /* WordScramvle */;
			targetProxy = 63534928257F222100032150 /* PBXContainerItemProxy */;
		};
/* End PBXTargetDependency section */

/* Begin PBXVariantGroup section */
		63534914257F222100032150 /* LaunchScreen.storyboard */ = {
			isa = PBXVariantGroup;
			children = (
				63534915257F222100032150 /* Base */,
			);
			name = LaunchScreen.storyboard;
			sourceTree = "<group>";
		};
/* End PBXVariantGroup section */

/* Begin XCBuildConfiguration section */
		6353492E257F222100032150 /* Debug */ = {
			isa = XCBuildConfiguration;
			buildSettings = {
				ALWAYS_SEARCH_USER_PATHS = NO;
				CLANG_ANALYZER_NONNULL = YES;
				CLANG_ANALYZER_NUMBER_OBJECT_CONVERSION = YES_AGGRESSIVE;
				CLANG_CXX_LANGUAGE_STANDARD = "gnu++14";
				CLANG_CXX_LIBRARY = "libc++";
				CLANG_ENABLE_MODULES = YES;
				CLANG_ENABLE_OBJC_ARC = YES;
				CLANG_ENABLE_OBJC_WEAK = YES;
				CLANG_WARN_BLOCK_CAPTURE_AUTORELEASING = YES;
				CLANG_WARN_BOOL_CONVERSION = YES;
				CLANG_WARN_COMMA = YES;
				CLANG_WARN_CONSTANT_CONVERSION = YES;
				CLANG_WARN_DEPRECATED_OBJC_IMPLEMENTATIONS = YES;
				CLANG_WARN_DIRECT_OBJC_ISA_USAGE = YES_ERROR;
				CLANG_WARN_DOCUMENTATION_COMMENTS = YES;
				CLANG_WARN_EMPTY_BODY = YES;
				CLANG_WARN_ENUM_CONVERSION = YES;
				CLANG_WARN_INFINITE_RECURSION = YES;
				CLANG_WARN_INT_CONVERSION = YES;
				CLANG_WARN_NON_LITERAL_NULL_CONVERSION = YES;
				CLANG_WARN_OBJC_IMPLICIT_RETAIN_SELF = YES;
				CLANG_WARN_OBJC_LITERAL_CONVERSION = YES;
				CLANG_WARN_OBJC_ROOT_CLASS = YES_ERROR;
				CLANG_WARN_RANGE_LOOP_ANALYSIS = YES;
				CLANG_WARN_STRICT_PROTOTYPES = YES;
				CLANG_WARN_SUSPICIOUS_MOVE = YES;
				CLANG_WARN_UNGUARDED_AVAILABILITY = YES_AGGRESSIVE;
				CLANG_WARN_UNREACHABLE_CODE = YES;
				CLANG_WARN__DUPLICATE_METHOD_MATCH = YES;
				COPY_PHASE_STRIP = NO;
				DEBUG_INFORMATION_FORMAT = dwarf;
				ENABLE_STRICT_OBJC_MSGSEND = YES;
				ENABLE_TESTABILITY = YES;
				GCC_C_LANGUAGE_STANDARD = gnu11;
				GCC_DYNAMIC_NO_PIC = NO;
				GCC_NO_COMMON_BLOCKS = YES;
				GCC_OPTIMIZATION_LEVEL = 0;
				GCC_PREPROCESSOR_DEFINITIONS = (
					"DEBUG=1",
					"$(inherited)",
				);
				GCC_WARN_64_TO_32_BIT_CONVERSION = YES;
				GCC_WARN_ABOUT_RETURN_TYPE = YES_ERROR;
				GCC_WARN_UNDECLARED_SELECTOR = YES;
				GCC_WARN_UNINITIALIZED_AUTOS = YES_AGGRESSIVE;
				GCC_WARN_UNUSED_FUNCTION = YES;
				GCC_WARN_UNUSED_VARIABLE = YES;
				IPHONEOS_DEPLOYMENT_TARGET = 13.1;
				MTL_ENABLE_DEBUG_INFO = INCLUDE_SOURCE;
				MTL_FAST_MATH = YES;
				ONLY_ACTIVE_ARCH = YES;
				SDKROOT = iphoneos;
				SWIFT_ACTIVE_COMPILATION_CONDITIONS = DEBUG;
				SWIFT_OPTIMIZATION_LEVEL = "-Onone";
			};
			name = Debug;
		};
		6353492F257F222100032150 /* Release */ = {
			isa = XCBuildConfiguration;
			buildSettings = {
				ALWAYS_SEARCH_USER_PATHS = NO;
				CLANG_ANALYZER_NONNULL = YES;
				CLANG_ANALYZER_NUMBER_OBJECT_CONVERSION = YES_AGGRESSIVE;
				CLANG_CXX_LANGUAGE_STANDARD = "gnu++14";
				CLANG_CXX_LIBRARY = "libc++";
				CLANG_ENABLE_MODULES = YES;
				CLANG_ENABLE_OBJC_ARC = YES;
				CLANG_ENABLE_OBJC_WEAK = YES;
				CLANG_WARN_BLOCK_CAPTURE_AUTORELEASING = YES;
				CLANG_WARN_BOOL_CONVERSION = YES;
				CLANG_WARN_COMMA = YES;
				CLANG_WARN_CONSTANT_CONVERSION = YES;
				CLANG_WARN_DEPRECATED_OBJC_IMPLEMENTATIONS = YES;
				CLANG_WARN_DIRECT_OBJC_ISA_USAGE = YES_ERROR;
				CLANG_WARN_DOCUMENTATION_COMMENTS = YES;
				CLANG_WARN_EMPTY_BODY = YES;
				CLANG_WARN_ENUM_CONVERSION = YES;
				CLANG_WARN_INFINITE_RECURSION = YES;
				CLANG_WARN_INT_CONVERSION = YES;
				CLANG_WARN_NON_LITERAL_NULL_CONVERSION = YES;
				CLANG_WARN_OBJC_IMPLICIT_RETAIN_SELF = YES;
				CLANG_WARN_OBJC_LITERAL_CONVERSION = YES;
				CLANG_WARN_OBJC_ROOT_CLASS = YES_ERROR;
				CLANG_WARN_RANGE_LOOP_ANALYSIS = YES;
				CLANG_WARN_STRICT_PROTOTYPES = YES;
				CLANG_WARN_SUSPICIOUS_MOVE = YES;
				CLANG_WARN_UNGUARDED_AVAILABILITY = YES_AGGRESSIVE;
				CLANG_WARN_UNREACHABLE_CODE = YES;
				CLANG_WARN__DUPLICATE_METHOD_MATCH = YES;
				COPY_PHASE_STRIP = NO;
				DEBUG_INFORMATION_FORMAT = "dwarf-with-dsym";
				ENABLE_NS_ASSERTIONS = NO;
				ENABLE_STRICT_OBJC_MSGSEND = YES;
				GCC_C_LANGUAGE_STANDARD = gnu11;
				GCC_NO_COMMON_BLOCKS = YES;
				GCC_WARN_64_TO_32_BIT_CONVERSION = YES;
				GCC_WARN_ABOUT_RETURN_TYPE = YES_ERROR;
				GCC_WARN_UNDECLARED_SELECTOR = YES;
				GCC_WARN_UNINITIALIZED_AUTOS = YES_AGGRESSIVE;
				GCC_WARN_UNUSED_FUNCTION = YES;
				GCC_WARN_UNUSED_VARIABLE = YES;
				IPHONEOS_DEPLOYMENT_TARGET = 13.1;
				MTL_ENABLE_DEBUG_INFO = NO;
				MTL_FAST_MATH = YES;
				SDKROOT = iphoneos;
				SWIFT_COMPILATION_MODE = wholemodule;
				SWIFT_OPTIMIZATION_LEVEL = "-O";
				VALIDATE_PRODUCT = YES;
			};
			name = Release;
		};
		63534931257F222100032150 /* Debug */ = {
			isa = XCBuildConfiguration;
			buildSettings = {
				ASSETCATALOG_COMPILER_APPICON_NAME = AppIcon;
				CODE_SIGN_STYLE = Automatic;
				DEVELOPMENT_ASSET_PATHS = "\"WordScramvle/Preview Content\"";
				ENABLE_PREVIEWS = YES;
				INFOPLIST_FILE = WordScramvle/Info.plist;
				LD_RUNPATH_SEARCH_PATHS = (
					"$(inherited)",
					"@executable_path/Frameworks",
				);
				PRODUCT_BUNDLE_IDENTIFIER = jasonT.WordScramvle;
				PRODUCT_NAME = "$(TARGET_NAME)";
				SWIFT_VERSION = 5.0;
				TARGETED_DEVICE_FAMILY = "1,2";
			};
			name = Debug;
		};
		63534932257F222100032150 /* Release */ = {
			isa = XCBuildConfiguration;
			buildSettings = {
				ASSETCATALOG_COMPILER_APPICON_NAME = AppIcon;
				CODE_SIGN_STYLE = Automatic;
				DEVELOPMENT_ASSET_PATHS = "\"WordScramvle/Preview Content\"";
				ENABLE_PREVIEWS = YES;
				INFOPLIST_FILE = WordScramvle/Info.plist;
				LD_RUNPATH_SEARCH_PATHS = (
					"$(inherited)",
					"@executable_path/Frameworks",
				);
				PRODUCT_BUNDLE_IDENTIFIER = jasonT.WordScramvle;
				PRODUCT_NAME = "$(TARGET_NAME)";
				SWIFT_VERSION = 5.0;
				TARGETED_DEVICE_FAMILY = "1,2";
			};
			name = Release;
		};
		63534934257F222100032150 /* Debug */ = {
			isa = XCBuildConfiguration;
			buildSettings = {
				ALWAYS_EMBED_SWIFT_STANDARD_LIBRARIES = YES;
				BUNDLE_LOADER = "$(TEST_HOST)";
				CODE_SIGN_STYLE = Automatic;
				INFOPLIST_FILE = WordScramvleTests/Info.plist;
				IPHONEOS_DEPLOYMENT_TARGET = 13.1;
				LD_RUNPATH_SEARCH_PATHS = (
					"$(inherited)",
					"@executable_path/Frameworks",
					"@loader_path/Frameworks",
				);
				PRODUCT_BUNDLE_IDENTIFIER = jasonT.WordScramvleTests;
				PRODUCT_NAME = "$(TARGET_NAME)";
				SWIFT_VERSION = 5.0;
				TARGETED_DEVICE_FAMILY = "1,2";
				TEST_HOST = "$(BUILT_PRODUCTS_DIR)/WordScramvle.app/WordScramvle";
			};
			name = Debug;
		};
		63534935257F222100032150 /* Release */ = {
			isa = XCBuildConfiguration;
			buildSettings = {
				ALWAYS_EMBED_SWIFT_STANDARD_LIBRARIES = YES;
				BUNDLE_LOADER = "$(TEST_HOST)";
				CODE_SIGN_STYLE = Automatic;
				INFOPLIST_FILE = WordScramvleTests/Info.plist;
				IPHONEOS_DEPLOYMENT_TARGET = 13.1;
				LD_RUNPATH_SEARCH_PATHS = (
					"$(inherited)",
					"@executable_path/Frameworks",
					"@loader_path/Frameworks",
				);
				PRODUCT_BUNDLE_IDENTIFIER = jasonT.WordScramvleTests;
				PRODUCT_NAME = "$(TARGET_NAME)";
				SWIFT_VERSION = 5.0;
				TARGETED_DEVICE_FAMILY = "1,2";
				TEST_HOST = "$(BUILT_PRODUCTS_DIR)/WordScramvle.app/WordScramvle";
			};
			name = Release;
		};
		63534937257F222100032150 /* Debug */ = {
			isa = XCBuildConfiguration;
			buildSettings = {
				ALWAYS_EMBED_SWIFT_STANDARD_LIBRARIES = YES;
				CODE_SIGN_STYLE = Automatic;
				INFOPLIST_FILE = WordScramvleUITests/Info.plist;
				LD_RUNPATH_SEARCH_PATHS = (
					"$(inherited)",
					"@executable_path/Frameworks",
					"@loader_path/Frameworks",
				);
				PRODUCT_BUNDLE_IDENTIFIER = jasonT.WordScramvleUITests;
				PRODUCT_NAME = "$(TARGET_NAME)";
				SWIFT_VERSION = 5.0;
				TARGETED_DEVICE_FAMILY = "1,2";
				TEST_TARGET_NAME = WordScramvle;
			};
			name = Debug;
		};
		63534938257F222100032150 /* Release */ = {
			isa = XCBuildConfiguration;
			buildSettings = {
				ALWAYS_EMBED_SWIFT_STANDARD_LIBRARIES = YES;
				CODE_SIGN_STYLE = Automatic;
				INFOPLIST_FILE = WordScramvleUITests/Info.plist;
				LD_RUNPATH_SEARCH_PATHS = (
					"$(inherited)",
					"@executable_path/Frameworks",
					"@loader_path/Frameworks",
				);
				PRODUCT_BUNDLE_IDENTIFIER = jasonT.WordScramvleUITests;
				PRODUCT_NAME = "$(TARGET_NAME)";
				SWIFT_VERSION = 5.0;
				TARGETED_DEVICE_FAMILY = "1,2";
				TEST_TARGET_NAME = WordScramvle;
			};
			name = Release;
		};
/* End XCBuildConfiguration section */

/* Begin XCConfigurationList section */
		63534901257F221B00032150 /* Build configuration list for PBXProject "WordScramvle" */ = {
			isa = XCConfigurationList;
			buildConfigurations = (
				6353492E257F222100032150 /* Debug */,
				6353492F257F222100032150 /* Release */,
			);
			defaultConfigurationIsVisible = 0;
			defaultConfigurationName = Release;
		};
		63534930257F222100032150 /* Build configuration list for PBXNativeTarget "WordScramvle" */ = {
			isa = XCConfigurationList;
			buildConfigurations = (
				63534931257F222100032150 /* Debug */,
				63534932257F222100032150 /* Release */,
			);
			defaultConfigurationIsVisible = 0;
			defaultConfigurationName = Release;
		};
		63534933257F222100032150 /* Build configuration list for PBXNativeTarget "WordScramvleTests" */ = {
			isa = XCConfigurationList;
			buildConfigurations = (
				63534934257F222100032150 /* Debug */,
				63534935257F222100032150 /* Release */,
			);
			defaultConfigurationIsVisible = 0;
			defaultConfigurationName = Release;
		};
		63534936257F222100032150 /* Build configuration list for PBXNativeTarget "WordScramvleUITests" */ = {
			isa = XCConfigurationList;
			buildConfigurations = (
				63534937257F222100032150 /* Debug */,
				63534938257F222100032150 /* Release */,
			);
			defaultConfigurationIsVisible = 0;
			defaultConfigurationName = Release;
		};
/* End XCConfigurationList section */
	};
	rootObject = 635348FE257F221B00032150 /* Project object */;
}
